
Microsoft Visual Studio Solution File, Format Version 12.00
# Visual Studio 2015
Project("{FAE04EC0-301F-11D3-BF4B-00C04F79EFBC}") = "Escape_Room.CSharp", "Escape_Room.CSharp.csproj", "{86BC4C2C-9C86-9881-548D-FC3B17B36E6B}"
EndProject
Project("{FAE04EC0-301F-11D3-BF4B-00C04F79EFBC}") = "Escape_Room.CSharp.Editor", "Escape_Room.CSharp.Editor.csproj", "{534BDAC5-6279-E99C-453C-0CF6D6E06D8E}"
EndProject
Global
	GlobalSection(SolutionConfigurationPlatforms) = preSolution
		Debug|Any CPU = Debug|Any CPU
		Release|Any CPU = Release|Any CPU
	EndGlobalSection
	GlobalSection(ProjectConfigurationPlatforms) = postSolution
		{86BC4C2C-9C86-9881-548D-FC3B17B36E6B}.Debug|Any CPU.ActiveCfg = Debug|Any CPU
		{86BC4C2C-9C86-9881-548D-FC3B17B36E6B}.Debug|Any CPU.Build.0 = Debug|Any CPU
		{86BC4C2C-9C86-9881-548D-FC3B17B36E6B}.Release|Any CPU.ActiveCfg = Release|Any CPU
		{86BC4C2C-9C86-9881-548D-FC3B17B36E6B}.Release|Any CPU.Build.0 = Release|Any CPU
		{534BDAC5-6279-E99C-453C-0CF6D6E06D8E}.Debug|Any CPU.ActiveCfg = Debug|Any CPU
		{534BDAC5-6279-E99C-453C-0CF6D6E06D8E}.Debug|Any CPU.Build.0 = Debug|Any CPU
		{534BDAC5-6279-E99C-453C-0CF6D6E06D8E}.Release|Any CPU.ActiveCfg = Release|Any CPU
		{534BDAC5-6279-E99C-453C-0CF6D6E06D8E}.Release|Any CPU.Build.0 = Release|Any CPU
	EndGlobalSection
	GlobalSection(SolutionProperties) = preSolution
		HideSolutionNode = FALSE
	EndGlobalSection
EndGlobal
