Microsoft Visual Studio Solution File, Format Version 11.00
# Visual Studio 2008

Project("{3D117453-158C-B0A4-97B2-000FCA4A127E}") = "Escape_Room", "Assembly-CSharp.csproj", "{2C045D56-346D-C119-E0D5-103827C6D67B}"
EndProject
Project("{3D117453-158C-B0A4-97B2-000FCA4A127E}") = "Escape_Room", "Assembly-CSharp-Editor.csproj", "{8BD45D4C-8B60-B312-7B36-398F417B8AF2}"
EndProject
Global
	GlobalSection(SolutionConfigurationPlatforms) = preSolution
		Debug|Any CPU = Debug|Any CPU
		Release|Any CPU = Release|Any CPU
	EndGlobalSection
	GlobalSection(ProjectConfigurationPlatforms) = postSolution
		{2C045D56-346D-C119-E0D5-103827C6D67B}.Debug|Any CPU.ActiveCfg = Debug|Any CPU
		{2C045D56-346D-C119-E0D5-103827C6D67B}.Debug|Any CPU.Build.0 = Debug|Any CPU
		{2C045D56-346D-C119-E0D5-103827C6D67B}.Release|Any CPU.ActiveCfg = Release|Any CPU
		{2C045D56-346D-C119-E0D5-103827C6D67B}.Release|Any CPU.Build.0 = Release|Any CPU
		{8BD45D4C-8B60-B312-7B36-398F417B8AF2}.Debug|Any CPU.ActiveCfg = Debug|Any CPU
		{8BD45D4C-8B60-B312-7B36-398F417B8AF2}.Debug|Any CPU.Build.0 = Debug|Any CPU
		{8BD45D4C-8B60-B312-7B36-398F417B8AF2}.Release|Any CPU.ActiveCfg = Release|Any CPU
		{8BD45D4C-8B60-B312-7B36-398F417B8AF2}.Release|Any CPU.Build.0 = Release|Any CPU
	EndGlobalSection
	GlobalSection(SolutionProperties) = preSolution
		HideSolutionNode = FALSE
	EndGlobalSection
	GlobalSection(MonoDevelopProperties) = preSolution
		StartupItem = Assembly-CSharp.csproj
	EndGlobalSection
EndGlobal
