
Microsoft Visual Studio Solution File, Format Version 12.00
# Visual Studio 2015
Project("{FAE04EC0-301F-11D3-BF4B-00C04F79EFBC}") = "Google_Cardboard_Tutorial.CSharp", "Google_Cardboard_Tutorial.CSharp.csproj", "{81688FBE-0C48-2356-BCFD-78BA5DD828CC}"
EndProject
Project("{FAE04EC0-301F-11D3-BF4B-00C04F79EFBC}") = "Google_Cardboard_Tutorial.CSharp.Editor", "Google_Cardboard_Tutorial.CSharp.Editor.csproj", "{380EDA1E-7128-E186-9D80-11D72FE73A96}"
EndProject
Global
	GlobalSection(SolutionConfigurationPlatforms) = preSolution
		Debug|Any CPU = Debug|Any CPU
		Release|Any CPU = Release|Any CPU
	EndGlobalSection
	GlobalSection(ProjectConfigurationPlatforms) = postSolution
		{81688FBE-0C48-2356-BCFD-78BA5DD828CC}.Debug|Any CPU.ActiveCfg = Debug|Any CPU
		{81688FBE-0C48-2356-BCFD-78BA5DD828CC}.Debug|Any CPU.Build.0 = Debug|Any CPU
		{81688FBE-0C48-2356-BCFD-78BA5DD828CC}.Release|Any CPU.ActiveCfg = Release|Any CPU
		{81688FBE-0C48-2356-BCFD-78BA5DD828CC}.Release|Any CPU.Build.0 = Release|Any CPU
		{380EDA1E-7128-E186-9D80-11D72FE73A96}.Debug|Any CPU.ActiveCfg = Debug|Any CPU
		{380EDA1E-7128-E186-9D80-11D72FE73A96}.Debug|Any CPU.Build.0 = Debug|Any CPU
		{380EDA1E-7128-E186-9D80-11D72FE73A96}.Release|Any CPU.ActiveCfg = Release|Any CPU
		{380EDA1E-7128-E186-9D80-11D72FE73A96}.Release|Any CPU.Build.0 = Release|Any CPU
	EndGlobalSection
	GlobalSection(SolutionProperties) = preSolution
		HideSolutionNode = FALSE
	EndGlobalSection
EndGlobal
