
Microsoft Visual Studio Solution File, Format Version 12.00
# Visual Studio 2015
Project("{FAE04EC0-301F-11D3-BF4B-00C04F79EFBC}") = "Prototype_Escape_Room.CSharp", "Prototype_Escape_Room.CSharp.csproj", "{EE0504DC-5EBB-7595-69FB-3C9D86DA66BA}"
EndProject
Project("{FAE04EC0-301F-11D3-BF4B-00C04F79EFBC}") = "Prototype_Escape_Room.CSharp.Editor", "Prototype_Escape_Room.CSharp.Editor.csproj", "{82B5B8DC-D56B-5788-FCCE-26EDCEDB6FF4}"
EndProject
Global
	GlobalSection(SolutionConfigurationPlatforms) = preSolution
		Debug|Any CPU = Debug|Any CPU
		Release|Any CPU = Release|Any CPU
	EndGlobalSection
	GlobalSection(ProjectConfigurationPlatforms) = postSolution
		{EE0504DC-5EBB-7595-69FB-3C9D86DA66BA}.Debug|Any CPU.ActiveCfg = Debug|Any CPU
		{EE0504DC-5EBB-7595-69FB-3C9D86DA66BA}.Debug|Any CPU.Build.0 = Debug|Any CPU
		{EE0504DC-5EBB-7595-69FB-3C9D86DA66BA}.Release|Any CPU.ActiveCfg = Release|Any CPU
		{EE0504DC-5EBB-7595-69FB-3C9D86DA66BA}.Release|Any CPU.Build.0 = Release|Any CPU
		{82B5B8DC-D56B-5788-FCCE-26EDCEDB6FF4}.Debug|Any CPU.ActiveCfg = Debug|Any CPU
		{82B5B8DC-D56B-5788-FCCE-26EDCEDB6FF4}.Debug|Any CPU.Build.0 = Debug|Any CPU
		{82B5B8DC-D56B-5788-FCCE-26EDCEDB6FF4}.Release|Any CPU.ActiveCfg = Release|Any CPU
		{82B5B8DC-D56B-5788-FCCE-26EDCEDB6FF4}.Release|Any CPU.Build.0 = Release|Any CPU
	EndGlobalSection
	GlobalSection(SolutionProperties) = preSolution
		HideSolutionNode = FALSE
	EndGlobalSection
EndGlobal
